// !$*UTF8*$!
{
	archiveVersion = 1;
	classes = {
	};
	objectVersion = 56;
	objects = {

/* Begin PBXBuildFile section */
		7C3D32482CED378700C2E8DF /* AppDelegate.swift in Sources */ = {isa = PBXBuildFile; fileRef = 7C3D32472CED378700C2E8DF /* AppDelegate.swift */; };
		7C3D324A2CED378700C2E8DF /* SceneDelegate.swift in Sources */ = {isa = PBXBuildFile; fileRef = 7C3D32492CED378700C2E8DF /* SceneDelegate.swift */; };
		7C3D324C2CED378700C2E8DF /* MainNewsViewController.swift in Sources */ = {isa = PBXBuildFile; fileRef = 7C3D324B2CED378700C2E8DF /* MainNewsViewController.swift */; };
		7C3D324F2CED378700C2E8DF /* Base in Resources */ = {isa = PBXBuildFile; fileRef = 7C3D324E2CED378700C2E8DF /* Base */; };
		7C3D32512CED378800C2E8DF /* Assets.xcassets in Resources */ = {isa = PBXBuildFile; fileRef = 7C3D32502CED378800C2E8DF /* Assets.xcassets */; };
		7C3D32542CED378800C2E8DF /* Base in Resources */ = {isa = PBXBuildFile; fileRef = 7C3D32532CED378800C2E8DF /* Base */; };
		7C3D325F2CED378800C2E8DF /* FinalProjectTests.swift in Sources */ = {isa = PBXBuildFile; fileRef = 7C3D325E2CED378800C2E8DF /* FinalProjectTests.swift */; };
		7C3D32692CED378800C2E8DF /* FinalProjectUITests.swift in Sources */ = {isa = PBXBuildFile; fileRef = 7C3D32682CED378800C2E8DF /* FinalProjectUITests.swift */; };
		7C3D326B2CED378800C2E8DF /* FinalProjectUITestsLaunchTests.swift in Sources */ = {isa = PBXBuildFile; fileRef = 7C3D326A2CED378800C2E8DF /* FinalProjectUITestsLaunchTests.swift */; };
		7C3D32782D010E1600C2E8DF /* SettingViewController.swift in Sources */ = {isa = PBXBuildFile; fileRef = 7C3D32772D010E1600C2E8DF /* SettingViewController.swift */; };
		7C3D327A2D010E4C00C2E8DF /* ViewClimbsViewController.swift in Sources */ = {isa = PBXBuildFile; fileRef = 7C3D32792D010E4C00C2E8DF /* ViewClimbsViewController.swift */; };
		7C3D327C2D010ED400C2E8DF /* LogClimbViewController.swift in Sources */ = {isa = PBXBuildFile; fileRef = 7C3D327B2D010ED400C2E8DF /* LogClimbViewController.swift */; };
		7C3D327E2D01104F00C2E8DF /* NewsViewController.swift in Sources */ = {isa = PBXBuildFile; fileRef = 7C3D327D2D01104F00C2E8DF /* NewsViewController.swift */; };
		7C3D32812D01112400C2E8DF /* SwiftSoup in Frameworks */ = {isa = PBXBuildFile; productRef = 7C3D32802D01112400C2E8DF /* SwiftSoup */; };
		7C3D32832D01332C00C2E8DF /* StickFigureView.swift in Sources */ = {isa = PBXBuildFile; fileRef = 7C3D32822D01332C00C2E8DF /* StickFigureView.swift */; };
		7CABA9C42D07ACA500BC4E04 /* README in Resources */ = {isa = PBXBuildFile; fileRef = 7CABA9C32D07ACA500BC4E04 /* README */; };
/* End PBXBuildFile section */

/* Begin PBXContainerItemProxy section */
		7C3D325B2CED378800C2E8DF /* PBXContainerItemProxy */ = {
			isa = PBXContainerItemProxy;
			containerPortal = 7C3D323C2CED378700C2E8DF /* Project object */;
			proxyType = 1;
			remoteGlobalIDString = 7C3D32432CED378700C2E8DF;
			remoteInfo = FinalProject;
		};
		7C3D32652CED378800C2E8DF /* PBXContainerItemProxy */ = {
			isa = PBXContainerItemProxy;
			containerPortal = 7C3D323C2CED378700C2E8DF /* Project object */;
			proxyType = 1;
			remoteGlobalIDString = 7C3D32432CED378700C2E8DF;
			remoteInfo = FinalProject;
		};
/* End PBXContainerItemProxy section */

/* Begin PBXFileReference section */
		7C3D32442CED378700C2E8DF /* FinalProject.app */ = {isa = PBXFileReference; explicitFileType = wrapper.application; includeInIndex = 0; path = FinalProject.app; sourceTree = BUILT_PRODUCTS_DIR; };
		7C3D32472CED378700C2E8DF /* AppDelegate.swift */ = {isa = PBXFileReference; lastKnownFileType = sourcecode.swift; path = AppDelegate.swift; sourceTree = "<group>"; };
		7C3D32492CED378700C2E8DF /* SceneDelegate.swift */ = {isa = PBXFileReference; lastKnownFileType = sourcecode.swift; path = SceneDelegate.swift; sourceTree = "<group>"; };
		7C3D324B2CED378700C2E8DF /* MainNewsViewController.swift */ = {isa = PBXFileReference; lastKnownFileType = sourcecode.swift; path = MainNewsViewController.swift; sourceTree = "<group>"; };
		7C3D324E2CED378700C2E8DF /* Base */ = {isa = PBXFileReference; lastKnownFileType = file.storyboard; name = Base; path = Base.lproj/Main.storyboard; sourceTree = "<group>"; };
		7C3D32502CED378800C2E8DF /* Assets.xcassets */ = {isa = PBXFileReference; lastKnownFileType = folder.assetcatalog; path = Assets.xcassets; sourceTree = "<group>"; };
		7C3D32532CED378800C2E8DF /* Base */ = {isa = PBXFileReference; lastKnownFileType = file.storyboard; name = Base; path = Base.lproj/LaunchScreen.storyboard; sourceTree = "<group>"; };
		7C3D32552CED378800C2E8DF /* Info.plist */ = {isa = PBXFileReference; lastKnownFileType = text.plist.xml; path = Info.plist; sourceTree = "<group>"; };
		7C3D325A2CED378800C2E8DF /* FinalProjectTests.xctest */ = {isa = PBXFileReference; explicitFileType = wrapper.cfbundle; includeInIndex = 0; path = FinalProjectTests.xctest; sourceTree = BUILT_PRODUCTS_DIR; };
		7C3D325E2CED378800C2E8DF /* FinalProjectTests.swift */ = {isa = PBXFileReference; lastKnownFileType = sourcecode.swift; path = FinalProjectTests.swift; sourceTree = "<group>"; };
		7C3D32642CED378800C2E8DF /* FinalProjectUITests.xctest */ = {isa = PBXFileReference; explicitFileType = wrapper.cfbundle; includeInIndex = 0; path = FinalProjectUITests.xctest; sourceTree = BUILT_PRODUCTS_DIR; };
		7C3D32682CED378800C2E8DF /* FinalProjectUITests.swift */ = {isa = PBXFileReference; lastKnownFileType = sourcecode.swift; path = FinalProjectUITests.swift; sourceTree = "<group>"; };
		7C3D326A2CED378800C2E8DF /* FinalProjectUITestsLaunchTests.swift */ = {isa = PBXFileReference; lastKnownFileType = sourcecode.swift; path = FinalProjectUITestsLaunchTests.swift; sourceTree = "<group>"; };
		7C3D32772D010E1600C2E8DF /* SettingViewController.swift */ = {isa = PBXFileReference; lastKnownFileType = sourcecode.swift; path = SettingViewController.swift; sourceTree = "<group>"; };
		7C3D32792D010E4C00C2E8DF /* ViewClimbsViewController.swift */ = {isa = PBXFileReference; lastKnownFileType = sourcecode.swift; path = ViewClimbsViewController.swift; sourceTree = "<group>"; };
		7C3D327B2D010ED400C2E8DF /* LogClimbViewController.swift */ = {isa = PBXFileReference; lastKnownFileType = sourcecode.swift; path = LogClimbViewController.swift; sourceTree = "<group>"; };
		7C3D327D2D01104F00C2E8DF /* NewsViewController.swift */ = {isa = PBXFileReference; lastKnownFileType = sourcecode.swift; path = NewsViewController.swift; sourceTree = "<group>"; };
		7C3D32822D01332C00C2E8DF /* StickFigureView.swift */ = {isa = PBXFileReference; lastKnownFileType = sourcecode.swift; path = StickFigureView.swift; sourceTree = "<group>"; };
		7CABA9C32D07ACA500BC4E04 /* README */ = {isa = PBXFileReference; lastKnownFileType = text; path = README; sourceTree = "<group>"; };
/* End PBXFileReference section */

/* Begin PBXFrameworksBuildPhase section */
		7C3D32412CED378700C2E8DF /* Frameworks */ = {
			isa = PBXFrameworksBuildPhase;
			buildActionMask = 2147483647;
			files = (
				7C3D32812D01112400C2E8DF /* SwiftSoup in Frameworks */,
			);
			runOnlyForDeploymentPostprocessing = 0;
		};
		7C3D32572CED378800C2E8DF /* Frameworks */ = {
			isa = PBXFrameworksBuildPhase;
			buildActionMask = 2147483647;
			files = (
			);
			runOnlyForDeploymentPostprocessing = 0;
		};
		7C3D32612CED378800C2E8DF /* Frameworks */ = {
			isa = PBXFrameworksBuildPhase;
			buildActionMask = 2147483647;
			files = (
			);
			runOnlyForDeploymentPostprocessing = 0;
		};
/* End PBXFrameworksBuildPhase section */

/* Begin PBXGroup section */
		7C3D323B2CED378700C2E8DF = {
			isa = PBXGroup;
			children = (
				7CABA9C32D07ACA500BC4E04 /* README */,
				7C3D32462CED378700C2E8DF /* FinalProject */,
				7C3D325D2CED378800C2E8DF /* FinalProjectTests */,
				7C3D32672CED378800C2E8DF /* FinalProjectUITests */,
				7C3D32452CED378700C2E8DF /* Products */,
			);
			sourceTree = "<group>";
		};
		7C3D32452CED378700C2E8DF /* Products */ = {
			isa = PBXGroup;
			children = (
				7C3D32442CED378700C2E8DF /* FinalProject.app */,
				7C3D325A2CED378800C2E8DF /* FinalProjectTests.xctest */,
				7C3D32642CED378800C2E8DF /* FinalProjectUITests.xctest */,
			);
			name = Products;
			sourceTree = "<group>";
		};
		7C3D32462CED378700C2E8DF /* FinalProject */ = {
			isa = PBXGroup;
			children = (
				7C3D32472CED378700C2E8DF /* AppDelegate.swift */,
				7C3D32492CED378700C2E8DF /* SceneDelegate.swift */,
				7C3D324B2CED378700C2E8DF /* MainNewsViewController.swift */,
				7C3D324D2CED378700C2E8DF /* Main.storyboard */,
				7C3D32502CED378800C2E8DF /* Assets.xcassets */,
				7C3D32522CED378800C2E8DF /* LaunchScreen.storyboard */,
				7C3D32552CED378800C2E8DF /* Info.plist */,
				7C3D32772D010E1600C2E8DF /* SettingViewController.swift */,
				7C3D32792D010E4C00C2E8DF /* ViewClimbsViewController.swift */,
				7C3D327B2D010ED400C2E8DF /* LogClimbViewController.swift */,
				7C3D327D2D01104F00C2E8DF /* NewsViewController.swift */,
				7C3D32822D01332C00C2E8DF /* StickFigureView.swift */,
			);
			path = FinalProject;
			sourceTree = "<group>";
		};
		7C3D325D2CED378800C2E8DF /* FinalProjectTests */ = {
			isa = PBXGroup;
			children = (
				7C3D325E2CED378800C2E8DF /* FinalProjectTests.swift */,
			);
			path = FinalProjectTests;
			sourceTree = "<group>";
		};
		7C3D32672CED378800C2E8DF /* FinalProjectUITests */ = {
			isa = PBXGroup;
			children = (
				7C3D32682CED378800C2E8DF /* FinalProjectUITests.swift */,
				7C3D326A2CED378800C2E8DF /* FinalProjectUITestsLaunchTests.swift */,
			);
			path = FinalProjectUITests;
			sourceTree = "<group>";
		};
/* End PBXGroup section */

/* Begin PBXNativeTarget section */
		7C3D32432CED378700C2E8DF /* FinalProject */ = {
			isa = PBXNativeTarget;
			buildConfigurationList = 7C3D326E2CED378800C2E8DF /* Build configuration list for PBXNativeTarget "FinalProject" */;
			buildPhases = (
				7C3D32402CED378700C2E8DF /* Sources */,
				7C3D32412CED378700C2E8DF /* Frameworks */,
				7C3D32422CED378700C2E8DF /* Resources */,
			);
			buildRules = (
			);
			dependencies = (
			);
			name = FinalProject;
			packageProductDependencies = (
				7C3D32802D01112400C2E8DF /* SwiftSoup */,
			);
			productName = FinalProject;
			productReference = 7C3D32442CED378700C2E8DF /* FinalProject.app */;
			productType = "com.apple.product-type.application";
		};
		7C3D32592CED378800C2E8DF /* FinalProjectTests */ = {
			isa = PBXNativeTarget;
			buildConfigurationList = 7C3D32712CED378800C2E8DF /* Build configuration list for PBXNativeTarget "FinalProjectTests" */;
			buildPhases = (
				7C3D32562CED378800C2E8DF /* Sources */,
				7C3D32572CED378800C2E8DF /* Frameworks */,
				7C3D32582CED378800C2E8DF /* Resources */,
			);
			buildRules = (
			);
			dependencies = (
				7C3D325C2CED378800C2E8DF /* PBXTargetDependency */,
			);
			name = FinalProjectTests;
			productName = FinalProjectTests;
			productReference = 7C3D325A2CED378800C2E8DF /* FinalProjectTests.xctest */;
			productType = "com.apple.product-type.bundle.unit-test";
		};
		7C3D32632CED378800C2E8DF /* FinalProjectUITests */ = {
			isa = PBXNativeTarget;
			buildConfigurationList = 7C3D32742CED378800C2E8DF /* Build configuration list for PBXNativeTarget "FinalProjectUITests" */;
			buildPhases = (
				7C3D32602CED378800C2E8DF /* Sources */,
				7C3D32612CED378800C2E8DF /* Frameworks */,
				7C3D32622CED378800C2E8DF /* Resources */,
			);
			buildRules = (
			);
			dependencies = (
				7C3D32662CED378800C2E8DF /* PBXTargetDependency */,
			);
			name = FinalProjectUITests;
			productName = FinalProjectUITests;
			productReference = 7C3D32642CED378800C2E8DF /* FinalProjectUITests.xctest */;
			productType = "com.apple.product-type.bundle.ui-testing";
		};
/* End PBXNativeTarget section */

/* Begin PBXProject section */
		7C3D323C2CED378700C2E8DF /* Project object */ = {
			isa = PBXProject;
			attributes = {
				BuildIndependentTargetsInParallel = 1;
				LastSwiftUpdateCheck = 1540;
				LastUpgradeCheck = 1540;
				TargetAttributes = {
					7C3D32432CED378700C2E8DF = {
						CreatedOnToolsVersion = 15.4;
					};
					7C3D32592CED378800C2E8DF = {
						CreatedOnToolsVersion = 15.4;
						TestTargetID = 7C3D32432CED378700C2E8DF;
					};
					7C3D32632CED378800C2E8DF = {
						CreatedOnToolsVersion = 15.4;
						TestTargetID = 7C3D32432CED378700C2E8DF;
					};
				};
			};
			buildConfigurationList = 7C3D323F2CED378700C2E8DF /* Build configuration list for PBXProject "FinalProject" */;
			compatibilityVersion = "Xcode 14.0";
			developmentRegion = en;
			hasScannedForEncodings = 0;
			knownRegions = (
				en,
				Base,
			);
			mainGroup = 7C3D323B2CED378700C2E8DF;
			packageReferences = (
				7C3D327F2D01112400C2E8DF /* XCRemoteSwiftPackageReference "SwiftSoup" */,
			);
			productRefGroup = 7C3D32452CED378700C2E8DF /* Products */;
			projectDirPath = "";
			projectRoot = "";
			targets = (
				7C3D32432CED378700C2E8DF /* FinalProject */,
				7C3D32592CED378800C2E8DF /* FinalProjectTests */,
				7C3D32632CED378800C2E8DF /* FinalProjectUITests */,
			);
		};
/* End PBXProject section */

/* Begin PBXResourcesBuildPhase section */
		7C3D32422CED378700C2E8DF /* Resources */ = {
			isa = PBXResourcesBuildPhase;
			buildActionMask = 2147483647;
			files = (
				7CABA9C42D07ACA500BC4E04 /* README in Resources */,
				7C3D32512CED378800C2E8DF /* Assets.xcassets in Resources */,
				7C3D32542CED378800C2E8DF /* Base in Resources */,
				7C3D324F2CED378700C2E8DF /* Base in Resources */,
			);
			runOnlyForDeploymentPostprocessing = 0;
		};
		7C3D32582CED378800C2E8DF /* Resources */ = {
			isa = PBXResourcesBuildPhase;
			buildActionMask = 2147483647;
			files = (
			);
			runOnlyForDeploymentPostprocessing = 0;
		};
		7C3D32622CED378800C2E8DF /* Resources */ = {
			isa = PBXResourcesBuildPhase;
			buildActionMask = 2147483647;
			files = (
			);
			runOnlyForDeploymentPostprocessing = 0;
		};
/* End PBXResourcesBuildPhase section */

/* Begin PBXSourcesBuildPhase section */
		7C3D32402CED378700C2E8DF /* Sources */ = {
			isa = PBXSourcesBuildPhase;
			buildActionMask = 2147483647;
			files = (
				7C3D324C2CED378700C2E8DF /* MainNewsViewController.swift in Sources */,
				7C3D32482CED378700C2E8DF /* AppDelegate.swift in Sources */,
				7C3D327A2D010E4C00C2E8DF /* ViewClimbsViewController.swift in Sources */,
				7C3D32832D01332C00C2E8DF /* StickFigureView.swift in Sources */,
				7C3D324A2CED378700C2E8DF /* SceneDelegate.swift in Sources */,
				7C3D327E2D01104F00C2E8DF /* NewsViewController.swift in Sources */,
				7C3D32782D010E1600C2E8DF /* SettingViewController.swift in Sources */,
				7C3D327C2D010ED400C2E8DF /* LogClimbViewController.swift in Sources */,
			);
			runOnlyForDeploymentPostprocessing = 0;
		};
		7C3D32562CED378800C2E8DF /* Sources */ = {
			isa = PBXSourcesBuildPhase;
			buildActionMask = 2147483647;
			files = (
				7C3D325F2CED378800C2E8DF /* FinalProjectTests.swift in Sources */,
			);
			runOnlyForDeploymentPostprocessing = 0;
		};
		7C3D32602CED378800C2E8DF /* Sources */ = {
			isa = PBXSourcesBuildPhase;
			buildActionMask = 2147483647;
			files = (
				7C3D32692CED378800C2E8DF /* FinalProjectUITests.swift in Sources */,
				7C3D326B2CED378800C2E8DF /* FinalProjectUITestsLaunchTests.swift in Sources */,
			);
			runOnlyForDeploymentPostprocessing = 0;
		};
/* End PBXSourcesBuildPhase section */

/* Begin PBXTargetDependency section */
		7C3D325C2CED378800C2E8DF /* PBXTargetDependency */ = {
			isa = PBXTargetDependency;
			target = 7C3D32432CED378700C2E8DF /* FinalProject */;
			targetProxy = 7C3D325B2CED378800C2E8DF /* PBXContainerItemProxy */;
		};
		7C3D32662CED378800C2E8DF /* PBXTargetDependency */ = {
			isa = PBXTargetDependency;
			target = 7C3D32432CED378700C2E8DF /* FinalProject */;
			targetProxy = 7C3D32652CED378800C2E8DF /* PBXContainerItemProxy */;
		};
/* End PBXTargetDependency section */

/* Begin PBXVariantGroup section */
		7C3D324D2CED378700C2E8DF /* Main.storyboard */ = {
			isa = PBXVariantGroup;
			children = (
				7C3D324E2CED378700C2E8DF /* Base */,
			);
			name = Main.storyboard;
			sourceTree = "<group>";
		};
		7C3D32522CED378800C2E8DF /* LaunchScreen.storyboard */ = {
			isa = PBXVariantGroup;
			children = (
				7C3D32532CED378800C2E8DF /* Base */,
			);
			name = LaunchScreen.storyboard;
			sourceTree = "<group>";
		};
/* End PBXVariantGroup section */

/* Begin XCBuildConfiguration section */
		7C3D326C2CED378800C2E8DF /* Debug */ = {
			isa = XCBuildConfiguration;
			buildSettings = {
				ALWAYS_SEARCH_USER_PATHS = NO;
				ASSETCATALOG_COMPILER_GENERATE_SWIFT_ASSET_SYMBOL_EXTENSIONS = YES;
				CLANG_ANALYZER_NONNULL = YES;
				CLANG_ANALYZER_NUMBER_OBJECT_CONVERSION = YES_AGGRESSIVE;
				CLANG_CXX_LANGUAGE_STANDARD = "gnu++20";
				CLANG_ENABLE_MODULES = YES;
				CLANG_ENABLE_OBJC_ARC = YES;
				CLANG_ENABLE_OBJC_WEAK = YES;
				CLANG_WARN_BLOCK_CAPTURE_AUTORELEASING = YES;
				CLANG_WARN_BOOL_CONVERSION = YES;
				CLANG_WARN_COMMA = YES;
				CLANG_WARN_CONSTANT_CONVERSION = YES;
				CLANG_WARN_DEPRECATED_OBJC_IMPLEMENTATIONS = YES;
				CLANG_WARN_DIRECT_OBJC_ISA_USAGE = YES_ERROR;
				CLANG_WARN_DOCUMENTATION_COMMENTS = YES;
				CLANG_WARN_EMPTY_BODY = YES;
				CLANG_WARN_ENUM_CONVERSION = YES;
				CLANG_WARN_INFINITE_RECURSION = YES;
				CLANG_WARN_INT_CONVERSION = YES;
				CLANG_WARN_NON_LITERAL_NULL_CONVERSION = YES;
				CLANG_WARN_OBJC_IMPLICIT_RETAIN_SELF = YES;
				CLANG_WARN_OBJC_LITERAL_CONVERSION = YES;
				CLANG_WARN_OBJC_ROOT_CLASS = YES_ERROR;
				CLANG_WARN_QUOTED_INCLUDE_IN_FRAMEWORK_HEADER = YES;
				CLANG_WARN_RANGE_LOOP_ANALYSIS = YES;
				CLANG_WARN_STRICT_PROTOTYPES = YES;
				CLANG_WARN_SUSPICIOUS_MOVE = YES;
				CLANG_WARN_UNGUARDED_AVAILABILITY = YES_AGGRESSIVE;
				CLANG_WARN_UNREACHABLE_CODE = YES;
				CLANG_WARN__DUPLICATE_METHOD_MATCH = YES;
				COPY_PHASE_STRIP = NO;
				DEBUG_INFORMATION_FORMAT = dwarf;
				ENABLE_STRICT_OBJC_MSGSEND = YES;
				ENABLE_TESTABILITY = YES;
				ENABLE_USER_SCRIPT_SANDBOXING = YES;
				GCC_C_LANGUAGE_STANDARD = gnu17;
				GCC_DYNAMIC_NO_PIC = NO;
				GCC_NO_COMMON_BLOCKS = YES;
				GCC_OPTIMIZATION_LEVEL = 0;
				GCC_PREPROCESSOR_DEFINITIONS = (
					"DEBUG=1",
					"$(inherited)",
				);
				GCC_WARN_64_TO_32_BIT_CONVERSION = YES;
				GCC_WARN_ABOUT_RETURN_TYPE = YES_ERROR;
				GCC_WARN_UNDECLARED_SELECTOR = YES;
				GCC_WARN_UNINITIALIZED_AUTOS = YES_AGGRESSIVE;
				GCC_WARN_UNUSED_FUNCTION = YES;
				GCC_WARN_UNUSED_VARIABLE = YES;
				IPHONEOS_DEPLOYMENT_TARGET = 17.5;
				LOCALIZATION_PREFERS_STRING_CATALOGS = YES;
				MTL_ENABLE_DEBUG_INFO = INCLUDE_SOURCE;
				MTL_FAST_MATH = YES;
				ONLY_ACTIVE_ARCH = YES;
				SDKROOT = iphoneos;
				SWIFT_ACTIVE_COMPILATION_CONDITIONS = "DEBUG $(inherited)";
				SWIFT_OPTIMIZATION_LEVEL = "-Onone";
			};
			name = Debug;
		};
		7C3D326D2CED378800C2E8DF /* Release */ = {
			isa = XCBuildConfiguration;
			buildSettings = {
				ALWAYS_SEARCH_USER_PATHS = NO;
				ASSETCATALOG_COMPILER_GENERATE_SWIFT_ASSET_SYMBOL_EXTENSIONS = YES;
				CLANG_ANALYZER_NONNULL = YES;
				CLANG_ANALYZER_NUMBER_OBJECT_CONVERSION = YES_AGGRESSIVE;
				CLANG_CXX_LANGUAGE_STANDARD = "gnu++20";
				CLANG_ENABLE_MODULES = YES;
				CLANG_ENABLE_OBJC_ARC = YES;
				CLANG_ENABLE_OBJC_WEAK = YES;
				CLANG_WARN_BLOCK_CAPTURE_AUTORELEASING = YES;
				CLANG_WARN_BOOL_CONVERSION = YES;
				CLANG_WARN_COMMA = YES;
				CLANG_WARN_CONSTANT_CONVERSION = YES;
				CLANG_WARN_DEPRECATED_OBJC_IMPLEMENTATIONS = YES;
				CLANG_WARN_DIRECT_OBJC_ISA_USAGE = YES_ERROR;
				CLANG_WARN_DOCUMENTATION_COMMENTS = YES;
				CLANG_WARN_EMPTY_BODY = YES;
				CLANG_WARN_ENUM_CONVERSION = YES;
				CLANG_WARN_INFINITE_RECURSION = YES;
				CLANG_WARN_INT_CONVERSION = YES;
				CLANG_WARN_NON_LITERAL_NULL_CONVERSION = YES;
				CLANG_WARN_OBJC_IMPLICIT_RETAIN_SELF = YES;
				CLANG_WARN_OBJC_LITERAL_CONVERSION = YES;
				CLANG_WARN_OBJC_ROOT_CLASS = YES_ERROR;
				CLANG_WARN_QUOTED_INCLUDE_IN_FRAMEWORK_HEADER = YES;
				CLANG_WARN_RANGE_LOOP_ANALYSIS = YES;
				CLANG_WARN_STRICT_PROTOTYPES = YES;
				CLANG_WARN_SUSPICIOUS_MOVE = YES;
				CLANG_WARN_UNGUARDED_AVAILABILITY = YES_AGGRESSIVE;
				CLANG_WARN_UNREACHABLE_CODE = YES;
				CLANG_WARN__DUPLICATE_METHOD_MATCH = YES;
				COPY_PHASE_STRIP = NO;
				DEBUG_INFORMATION_FORMAT = "dwarf-with-dsym";
				ENABLE_NS_ASSERTIONS = NO;
				ENABLE_STRICT_OBJC_MSGSEND = YES;
				ENABLE_USER_SCRIPT_SANDBOXING = YES;
				GCC_C_LANGUAGE_STANDARD = gnu17;
				GCC_NO_COMMON_BLOCKS = YES;
				GCC_WARN_64_TO_32_BIT_CONVERSION = YES;
				GCC_WARN_ABOUT_RETURN_TYPE = YES_ERROR;
				GCC_WARN_UNDECLARED_SELECTOR = YES;
				GCC_WARN_UNINITIALIZED_AUTOS = YES_AGGRESSIVE;
				GCC_WARN_UNUSED_FUNCTION = YES;
				GCC_WARN_UNUSED_VARIABLE = YES;
				IPHONEOS_DEPLOYMENT_TARGET = 17.5;
				LOCALIZATION_PREFERS_STRING_CATALOGS = YES;
				MTL_ENABLE_DEBUG_INFO = NO;
				MTL_FAST_MATH = YES;
				SDKROOT = iphoneos;
				SWIFT_COMPILATION_MODE = wholemodule;
				VALIDATE_PRODUCT = YES;
			};
			name = Release;
		};
		7C3D326F2CED378800C2E8DF /* Debug */ = {
			isa = XCBuildConfiguration;
			buildSettings = {
				ASSETCATALOG_COMPILER_APPICON_NAME = AppIcon;
				ASSETCATALOG_COMPILER_GLOBAL_ACCENT_COLOR_NAME = AccentColor;
				CODE_SIGN_STYLE = Automatic;
				CURRENT_PROJECT_VERSION = 1;
				DEVELOPMENT_TEAM = 54K3VQ4S7T;
				GENERATE_INFOPLIST_FILE = YES;
				INFOPLIST_FILE = FinalProject/Info.plist;
				INFOPLIST_KEY_UIApplicationSupportsIndirectInputEvents = YES;
				INFOPLIST_KEY_UILaunchStoryboardName = LaunchScreen;
				INFOPLIST_KEY_UIMainStoryboardFile = Main;
				INFOPLIST_KEY_UISupportedInterfaceOrientations_iPad = "UIInterfaceOrientationPortrait UIInterfaceOrientationPortraitUpsideDown UIInterfaceOrientationLandscapeLeft UIInterfaceOrientationLandscapeRight";
				INFOPLIST_KEY_UISupportedInterfaceOrientations_iPhone = "UIInterfaceOrientationPortrait UIInterfaceOrientationLandscapeLeft UIInterfaceOrientationLandscapeRight";
				LD_RUNPATH_SEARCH_PATHS = (
					"$(inherited)",
					"@executable_path/Frameworks",
				);
				MARKETING_VERSION = 1.0;
				PRODUCT_BUNDLE_IDENTIFIER = isak.FinalProject;
				PRODUCT_NAME = "$(TARGET_NAME)";
				SWIFT_EMIT_LOC_STRINGS = YES;
				SWIFT_VERSION = 5.0;
				TARGETED_DEVICE_FAMILY = "1,2";
			};
			name = Debug;
		};
		7C3D32702CED378800C2E8DF /* Release */ = {
			isa = XCBuildConfiguration;
			buildSettings = {
				ASSETCATALOG_COMPILER_APPICON_NAME = AppIcon;
				ASSETCATALOG_COMPILER_GLOBAL_ACCENT_COLOR_NAME = AccentColor;
				CODE_SIGN_STYLE = Automatic;
				CURRENT_PROJECT_VERSION = 1;
				DEVELOPMENT_TEAM = 54K3VQ4S7T;
				GENERATE_INFOPLIST_FILE = YES;
				INFOPLIST_FILE = FinalProject/Info.plist;
				INFOPLIST_KEY_UIApplicationSupportsIndirectInputEvents = YES;
				INFOPLIST_KEY_UILaunchStoryboardName = LaunchScreen;
				INFOPLIST_KEY_UIMainStoryboardFile = Main;
				INFOPLIST_KEY_UISupportedInterfaceOrientations_iPad = "UIInterfaceOrientationPortrait UIInterfaceOrientationPortraitUpsideDown UIInterfaceOrientationLandscapeLeft UIInterfaceOrientationLandscapeRight";
				INFOPLIST_KEY_UISupportedInterfaceOrientations_iPhone = "UIInterfaceOrientationPortrait UIInterfaceOrientationLandscapeLeft UIInterfaceOrientationLandscapeRight";
				LD_RUNPATH_SEARCH_PATHS = (
					"$(inherited)",
					"@executable_path/Frameworks",
				);
				MARKETING_VERSION = 1.0;
				PRODUCT_BUNDLE_IDENTIFIER = isak.FinalProject;
				PRODUCT_NAME = "$(TARGET_NAME)";
				SWIFT_EMIT_LOC_STRINGS = YES;
				SWIFT_VERSION = 5.0;
				TARGETED_DEVICE_FAMILY = "1,2";
			};
			name = Release;
		};
		7C3D32722CED378800C2E8DF /* Debug */ = {
			isa = XCBuildConfiguration;
			buildSettings = {
				ALWAYS_EMBED_SWIFT_STANDARD_LIBRARIES = YES;
				BUNDLE_LOADER = "$(TEST_HOST)";
				CODE_SIGN_STYLE = Automatic;
				CURRENT_PROJECT_VERSION = 1;
				DEVELOPMENT_TEAM = 54K3VQ4S7T;
				GENERATE_INFOPLIST_FILE = YES;
				IPHONEOS_DEPLOYMENT_TARGET = 17.5;
				MARKETING_VERSION = 1.0;
				PRODUCT_BUNDLE_IDENTIFIER = isak.FinalProjectTests;
				PRODUCT_NAME = "$(TARGET_NAME)";
				SWIFT_EMIT_LOC_STRINGS = NO;
				SWIFT_VERSION = 5.0;
				TARGETED_DEVICE_FAMILY = "1,2";
				TEST_HOST = "$(BUILT_PRODUCTS_DIR)/FinalProject.app/$(BUNDLE_EXECUTABLE_FOLDER_PATH)/FinalProject";
			};
			name = Debug;
		};
		7C3D32732CED378800C2E8DF /* Release */ = {
			isa = XCBuildConfiguration;
			buildSettings = {
				ALWAYS_EMBED_SWIFT_STANDARD_LIBRARIES = YES;
				BUNDLE_LOADER = "$(TEST_HOST)";
				CODE_SIGN_STYLE = Automatic;
				CURRENT_PROJECT_VERSION = 1;
				DEVELOPMENT_TEAM = 54K3VQ4S7T;
				GENERATE_INFOPLIST_FILE = YES;
				IPHONEOS_DEPLOYMENT_TARGET = 17.5;
				MARKETING_VERSION = 1.0;
				PRODUCT_BUNDLE_IDENTIFIER = isak.FinalProjectTests;
				PRODUCT_NAME = "$(TARGET_NAME)";
				SWIFT_EMIT_LOC_STRINGS = NO;
				SWIFT_VERSION = 5.0;
				TARGETED_DEVICE_FAMILY = "1,2";
				TEST_HOST = "$(BUILT_PRODUCTS_DIR)/FinalProject.app/$(BUNDLE_EXECUTABLE_FOLDER_PATH)/FinalProject";
			};
			name = Release;
		};
		7C3D32752CED378800C2E8DF /* Debug */ = {
			isa = XCBuildConfiguration;
			buildSettings = {
				ALWAYS_EMBED_SWIFT_STANDARD_LIBRARIES = YES;
				CODE_SIGN_STYLE = Automatic;
				CURRENT_PROJECT_VERSION = 1;
				DEVELOPMENT_TEAM = 54K3VQ4S7T;
				GENERATE_INFOPLIST_FILE = YES;
				MARKETING_VERSION = 1.0;
				PRODUCT_BUNDLE_IDENTIFIER = isak.FinalProjectUITests;
				PRODUCT_NAME = "$(TARGET_NAME)";
				SWIFT_EMIT_LOC_STRINGS = NO;
				SWIFT_VERSION = 5.0;
				TARGETED_DEVICE_FAMILY = "1,2";
				TEST_TARGET_NAME = FinalProject;
			};
			name = Debug;
		};
		7C3D32762CED378800C2E8DF /* Release */ = {
			isa = XCBuildConfiguration;
			buildSettings = {
				ALWAYS_EMBED_SWIFT_STANDARD_LIBRARIES = YES;
				CODE_SIGN_STYLE = Automatic;
				CURRENT_PROJECT_VERSION = 1;
				DEVELOPMENT_TEAM = 54K3VQ4S7T;
				GENERATE_INFOPLIST_FILE = YES;
				MARKETING_VERSION = 1.0;
				PRODUCT_BUNDLE_IDENTIFIER = isak.FinalProjectUITests;
				PRODUCT_NAME = "$(TARGET_NAME)";
				SWIFT_EMIT_LOC_STRINGS = NO;
				SWIFT_VERSION = 5.0;
				TARGETED_DEVICE_FAMILY = "1,2";
				TEST_TARGET_NAME = FinalProject;
			};
			name = Release;
		};
/* End XCBuildConfiguration section */

/* Begin XCConfigurationList section */
		7C3D323F2CED378700C2E8DF /* Build configuration list for PBXProject "FinalProject" */ = {
			isa = XCConfigurationList;
			buildConfigurations = (
				7C3D326C2CED378800C2E8DF /* Debug */,
				7C3D326D2CED378800C2E8DF /* Release */,
			);
			defaultConfigurationIsVisible = 0;
			defaultConfigurationName = Release;
		};
		7C3D326E2CED378800C2E8DF /* Build configuration list for PBXNativeTarget "FinalProject" */ = {
			isa = XCConfigurationList;
			buildConfigurations = (
				7C3D326F2CED378800C2E8DF /* Debug */,
				7C3D32702CED378800C2E8DF /* Release */,
			);
			defaultConfigurationIsVisible = 0;
			defaultConfigurationName = Release;
		};
		7C3D32712CED378800C2E8DF /* Build configuration list for PBXNativeTarget "FinalProjectTests" */ = {
			isa = XCConfigurationList;
			buildConfigurations = (
				7C3D32722CED378800C2E8DF /* Debug */,
				7C3D32732CED378800C2E8DF /* Release */,
			);
			defaultConfigurationIsVisible = 0;
			defaultConfigurationName = Release;
		};
		7C3D32742CED378800C2E8DF /* Build configuration list for PBXNativeTarget "FinalProjectUITests" */ = {
			isa = XCConfigurationList;
			buildConfigurations = (
				7C3D32752CED378800C2E8DF /* Debug */,
				7C3D32762CED378800C2E8DF /* Release */,
			);
			defaultConfigurationIsVisible = 0;
			defaultConfigurationName = Release;
		};
/* End XCConfigurationList section */

/* Begin XCRemoteSwiftPackageReference section */
		7C3D327F2D01112400C2E8DF /* XCRemoteSwiftPackageReference "SwiftSoup" */ = {
			isa = XCRemoteSwiftPackageReference;
			repositoryURL = "https://github.com/scinfu/SwiftSoup";
			requirement = {
				kind = upToNextMajorVersion;
				minimumVersion = 2.7.6;
			};
		};
/* End XCRemoteSwiftPackageReference section */

/* Begin XCSwiftPackageProductDependency section */
		7C3D32802D01112400C2E8DF /* SwiftSoup */ = {
			isa = XCSwiftPackageProductDependency;
			package = 7C3D327F2D01112400C2E8DF /* XCRemoteSwiftPackageReference "SwiftSoup" */;
			productName = SwiftSoup;
		};
/* End XCSwiftPackageProductDependency section */
	};
	rootObject = 7C3D323C2CED378700C2E8DF /* Project object */;
}
